// !$*UTF8*$!
{
	archiveVersion = 1;
	classes = {
	};
	objectVersion = 55;
	objects = {

/* Begin PBXBuildFile section */
		073295BB291E9CAE0047F55D /* FruitsApp.swift in Sources */ = {isa = PBXBuildFile; fileRef = 073295BA291E9CAE0047F55D /* FruitsApp.swift */; };
		073295BD291E9CAE0047F55D /* ContentView.swift in Sources */ = {isa = PBXBuildFile; fileRef = 073295BC291E9CAE0047F55D /* ContentView.swift */; };
		073295BF291E9CB00047F55D /* Assets.xcassets in Resources */ = {isa = PBXBuildFile; fileRef = 073295BE291E9CB00047F55D /* Assets.xcassets */; };
		073295C2291E9CB00047F55D /* Preview Assets.xcassets in Resources */ = {isa = PBXBuildFile; fileRef = 073295C1291E9CB00047F55D /* Preview Assets.xcassets */; };
		073295CB291EA2CC0047F55D /* FruitCardView.swift in Sources */ = {isa = PBXBuildFile; fileRef = 073295CA291EA2CC0047F55D /* FruitCardView.swift */; };
		073295CD291EA6E20047F55D /* StartButtonView.swift in Sources */ = {isa = PBXBuildFile; fileRef = 073295CC291EA6E20047F55D /* StartButtonView.swift */; };
		073295CF291EA9650047F55D /* OnboardingView.swift in Sources */ = {isa = PBXBuildFile; fileRef = 073295CE291EA9650047F55D /* OnboardingView.swift */; };
		073295D2291EAE2F0047F55D /* FruitModel.swift in Sources */ = {isa = PBXBuildFile; fileRef = 073295D1291EAE2F0047F55D /* FruitModel.swift */; };
		073295D5291EB0340047F55D /* FruitData.swift in Sources */ = {isa = PBXBuildFile; fileRef = 073295D4291EB0340047F55D /* FruitData.swift */; };
		076E3D39291FA19200E60375 /* FruitRowView.swift in Sources */ = {isa = PBXBuildFile; fileRef = 076E3D38291FA19200E60375 /* FruitRowView.swift */; };
		076E3D3B291FA6F200E60375 /* FruitDetailView.swift in Sources */ = {isa = PBXBuildFile; fileRef = 076E3D3A291FA6F200E60375 /* FruitDetailView.swift */; };
		076E3D3D291FAA1B00E60375 /* FruitHeaderView.swift in Sources */ = {isa = PBXBuildFile; fileRef = 076E3D3C291FAA1B00E60375 /* FruitHeaderView.swift */; };
		076E3D3F291FB9F100E60375 /* SourceLinkView.swift in Sources */ = {isa = PBXBuildFile; fileRef = 076E3D3E291FB9F100E60375 /* SourceLinkView.swift */; };
		076E3D41291FBEC600E60375 /* FruitNutrientsView.swift in Sources */ = {isa = PBXBuildFile; fileRef = 076E3D40291FBEC600E60375 /* FruitNutrientsView.swift */; };
/* End PBXBuildFile section */

/* Begin PBXFileReference section */
		073295B7291E9CAE0047F55D /* Fruits.app */ = {isa = PBXFileReference; explicitFileType = wrapper.application; includeInIndex = 0; path = Fruits.app; sourceTree = BUILT_PRODUCTS_DIR; };
		073295BA291E9CAE0047F55D /* FruitsApp.swift */ = {isa = PBXFileReference; lastKnownFileType = sourcecode.swift; path = FruitsApp.swift; sourceTree = "<group>"; };
		073295BC291E9CAE0047F55D /* ContentView.swift */ = {isa = PBXFileReference; lastKnownFileType = sourcecode.swift; path = ContentView.swift; sourceTree = "<group>"; };
		073295BE291E9CB00047F55D /* Assets.xcassets */ = {isa = PBXFileReference; lastKnownFileType = folder.assetcatalog; path = Assets.xcassets; sourceTree = "<group>"; };
		073295C1291E9CB00047F55D /* Preview Assets.xcassets */ = {isa = PBXFileReference; lastKnownFileType = folder.assetcatalog; path = "Preview Assets.xcassets"; sourceTree = "<group>"; };
		073295CA291EA2CC0047F55D /* FruitCardView.swift */ = {isa = PBXFileReference; lastKnownFileType = sourcecode.swift; path = FruitCardView.swift; sourceTree = "<group>"; };
		073295CC291EA6E20047F55D /* StartButtonView.swift */ = {isa = PBXFileReference; lastKnownFileType = sourcecode.swift; path = StartButtonView.swift; sourceTree = "<group>"; };
		073295CE291EA9650047F55D /* OnboardingView.swift */ = {isa = PBXFileReference; lastKnownFileType = sourcecode.swift; path = OnboardingView.swift; sourceTree = "<group>"; };
		073295D1291EAE2F0047F55D /* FruitModel.swift */ = {isa = PBXFileReference; lastKnownFileType = sourcecode.swift; path = FruitModel.swift; sourceTree = "<group>"; };
		073295D4291EB0340047F55D /* FruitData.swift */ = {isa = PBXFileReference; lastKnownFileType = sourcecode.swift; path = FruitData.swift; sourceTree = "<group>"; };
		076E3D38291FA19200E60375 /* FruitRowView.swift */ = {isa = PBXFileReference; lastKnownFileType = sourcecode.swift; path = FruitRowView.swift; sourceTree = "<group>"; };
		076E3D3A291FA6F200E60375 /* FruitDetailView.swift */ = {isa = PBXFileReference; lastKnownFileType = sourcecode.swift; path = FruitDetailView.swift; sourceTree = "<group>"; };
		076E3D3C291FAA1B00E60375 /* FruitHeaderView.swift */ = {isa = PBXFileReference; lastKnownFileType = sourcecode.swift; path = FruitHeaderView.swift; sourceTree = "<group>"; };
		076E3D3E291FB9F100E60375 /* SourceLinkView.swift */ = {isa = PBXFileReference; lastKnownFileType = sourcecode.swift; path = SourceLinkView.swift; sourceTree = "<group>"; };
		076E3D40291FBEC600E60375 /* FruitNutrientsView.swift */ = {isa = PBXFileReference; lastKnownFileType = sourcecode.swift; path = FruitNutrientsView.swift; sourceTree = "<group>"; };
/* End PBXFileReference section */

/* Begin PBXFrameworksBuildPhase section */
		073295B4291E9CAE0047F55D /* Frameworks */ = {
			isa = PBXFrameworksBuildPhase;
			buildActionMask = 2147483647;
			files = (
			);
			runOnlyForDeploymentPostprocessing = 0;
		};
/* End PBXFrameworksBuildPhase section */

/* Begin PBXGroup section */
		073295AE291E9CAE0047F55D = {
			isa = PBXGroup;
			children = (
				073295B9291E9CAE0047F55D /* Fruits */,
				073295B8291E9CAE0047F55D /* Products */,
			);
			sourceTree = "<group>";
		};
		073295B8291E9CAE0047F55D /* Products */ = {
			isa = PBXGroup;
			children = (
				073295B7291E9CAE0047F55D /* Fruits.app */,
			);
			name = Products;
			sourceTree = "<group>";
		};
		073295B9291E9CAE0047F55D /* Fruits */ = {
			isa = PBXGroup;
			children = (
				073295D3291EAEFB0047F55D /* Data */,
				073295D0291EAE160047F55D /* Model */,
				073295C9291EA29F0047F55D /* View */,
				073295C8291EA2420047F55D /* App */,
				073295BE291E9CB00047F55D /* Assets.xcassets */,
				073295C0291E9CB00047F55D /* Preview Content */,
			);
			path = Fruits;
			sourceTree = "<group>";
		};
		073295C0291E9CB00047F55D /* Preview Content */ = {
			isa = PBXGroup;
			children = (
				073295C1291E9CB00047F55D /* Preview Assets.xcassets */,
			);
			path = "Preview Content";
			sourceTree = "<group>";
		};
		073295C8291EA2420047F55D /* App */ = {
			isa = PBXGroup;
			children = (
				073295BA291E9CAE0047F55D /* FruitsApp.swift */,
				073295BC291E9CAE0047F55D /* ContentView.swift */,
				076E3D40291FBEC600E60375 /* FruitNutrientsView.swift */,
				076E3D3A291FA6F200E60375 /* FruitDetailView.swift */,
				073295CE291EA9650047F55D /* OnboardingView.swift */,
			);
			path = App;
			sourceTree = "<group>";
		};
		073295C9291EA29F0047F55D /* View */ = {
			isa = PBXGroup;
			children = (
				073295CA291EA2CC0047F55D /* FruitCardView.swift */,
				073295CC291EA6E20047F55D /* StartButtonView.swift */,
				076E3D38291FA19200E60375 /* FruitRowView.swift */,
				076E3D3C291FAA1B00E60375 /* FruitHeaderView.swift */,
				076E3D3E291FB9F100E60375 /* SourceLinkView.swift */,
			);
			path = View;
			sourceTree = "<group>";
		};
		073295D0291EAE160047F55D /* Model */ = {
			isa = PBXGroup;
			children = (
				073295D1291EAE2F0047F55D /* FruitModel.swift */,
			);
			path = Model;
			sourceTree = "<group>";
		};
		073295D3291EAEFB0047F55D /* Data */ = {
			isa = PBXGroup;
			children = (
				073295D4291EB0340047F55D /* FruitData.swift */,
			);
			path = Data;
			sourceTree = "<group>";
		};
/* End PBXGroup section */

/* Begin PBXNativeTarget section */
		073295B6291E9CAE0047F55D /* Fruits */ = {
			isa = PBXNativeTarget;
			buildConfigurationList = 073295C5291E9CB00047F55D /* Build configuration list for PBXNativeTarget "Fruits" */;
			buildPhases = (
				073295B3291E9CAE0047F55D /* Sources */,
				073295B4291E9CAE0047F55D /* Frameworks */,
				073295B5291E9CAE0047F55D /* Resources */,
			);
			buildRules = (
			);
			dependencies = (
			);
			name = Fruits;
			productName = Fruits;
			productReference = 073295B7291E9CAE0047F55D /* Fruits.app */;
			productType = "com.apple.product-type.application";
		};
/* End PBXNativeTarget section */

/* Begin PBXProject section */
		073295AF291E9CAE0047F55D /* Project object */ = {
			isa = PBXProject;
			attributes = {
				BuildIndependentTargetsInParallel = 1;
				LastSwiftUpdateCheck = 1340;
				LastUpgradeCheck = 1340;
				TargetAttributes = {
					073295B6291E9CAE0047F55D = {
						CreatedOnToolsVersion = 13.4.1;
					};
				};
			};
			buildConfigurationList = 073295B2291E9CAE0047F55D /* Build configuration list for PBXProject "Fruits" */;
			compatibilityVersion = "Xcode 13.0";
			developmentRegion = en;
			hasScannedForEncodings = 0;
			knownRegions = (
				en,
				Base,
			);
			mainGroup = 073295AE291E9CAE0047F55D;
			productRefGroup = 073295B8291E9CAE0047F55D /* Products */;
			projectDirPath = "";
			projectRoot = "";
			targets = (
				073295B6291E9CAE0047F55D /* Fruits */,
			);
		};
/* End PBXProject section */

/* Begin PBXResourcesBuildPhase section */
		073295B5291E9CAE0047F55D /* Resources */ = {
			isa = PBXResourcesBuildPhase;
			buildActionMask = 2147483647;
			files = (
				073295C2291E9CB00047F55D /* Preview Assets.xcassets in Resources */,
				073295BF291E9CB00047F55D /* Assets.xcassets in Resources */,
			);
			runOnlyForDeploymentPostprocessing = 0;
		};
/* End PBXResourcesBuildPhase section */

/* Begin PBXSourcesBuildPhase section */
		073295B3291E9CAE0047F55D /* Sources */ = {
			isa = PBXSourcesBuildPhase;
			buildActionMask = 2147483647;
			files = (
				073295D5291EB0340047F55D /* FruitData.swift in Sources */,
				076E3D3F291FB9F100E60375 /* SourceLinkView.swift in Sources */,
				073295CB291EA2CC0047F55D /* FruitCardView.swift in Sources */,
				076E3D39291FA19200E60375 /* FruitRowView.swift in Sources */,
				076E3D41291FBEC600E60375 /* FruitNutrientsView.swift in Sources */,
				073295CD291EA6E20047F55D /* StartButtonView.swift in Sources */,
				076E3D3B291FA6F200E60375 /* FruitDetailView.swift in Sources */,
				073295BD291E9CAE0047F55D /* ContentView.swift in Sources */,
				076E3D3D291FAA1B00E60375 /* FruitHeaderView.swift in Sources */,
				073295CF291EA9650047F55D /* OnboardingView.swift in Sources */,
				073295D2291EAE2F0047F55D /* FruitModel.swift in Sources */,
				073295BB291E9CAE0047F55D /* FruitsApp.swift in Sources */,
			);
			runOnlyForDeploymentPostprocessing = 0;
		};
/* End PBXSourcesBuildPhase section */

/* Begin XCBuildConfiguration section */
		073295C3291E9CB00047F55D /* Debug */ = {
			isa = XCBuildConfiguration;
			buildSettings = {
				ALWAYS_SEARCH_USER_PATHS = NO;
				CLANG_ANALYZER_NONNULL = YES;
				CLANG_ANALYZER_NUMBER_OBJECT_CONVERSION = YES_AGGRESSIVE;
				CLANG_CXX_LANGUAGE_STANDARD = "gnu++17";
				CLANG_ENABLE_MODULES = YES;
				CLANG_ENABLE_OBJC_ARC = YES;
				CLANG_ENABLE_OBJC_WEAK = YES;
				CLANG_WARN_BLOCK_CAPTURE_AUTORELEASING = YES;
				CLANG_WARN_BOOL_CONVERSION = YES;
				CLANG_WARN_COMMA = YES;
				CLANG_WARN_CONSTANT_CONVERSION = YES;
				CLANG_WARN_DEPRECATED_OBJC_IMPLEMENTATIONS = YES;
				CLANG_WARN_DIRECT_OBJC_ISA_USAGE = YES_ERROR;
				CLANG_WARN_DOCUMENTATION_COMMENTS = YES;
				CLANG_WARN_EMPTY_BODY = YES;
				CLANG_WARN_ENUM_CONVERSION = YES;
				CLANG_WARN_INFINITE_RECURSION = YES;
				CLANG_WARN_INT_CONVERSION = YES;
				CLANG_WARN_NON_LITERAL_NULL_CONVERSION = YES;
				CLANG_WARN_OBJC_IMPLICIT_RETAIN_SELF = YES;
				CLANG_WARN_OBJC_LITERAL_CONVERSION = YES;
				CLANG_WARN_OBJC_ROOT_CLASS = YES_ERROR;
				CLANG_WARN_QUOTED_INCLUDE_IN_FRAMEWORK_HEADER = YES;
				CLANG_WARN_RANGE_LOOP_ANALYSIS = YES;
				CLANG_WARN_STRICT_PROTOTYPES = YES;
				CLANG_WARN_SUSPICIOUS_MOVE = YES;
				CLANG_WARN_UNGUARDED_AVAILABILITY = YES_AGGRESSIVE;
				CLANG_WARN_UNREACHABLE_CODE = YES;
				CLANG_WARN__DUPLICATE_METHOD_MATCH = YES;
				COPY_PHASE_STRIP = NO;
				DEBUG_INFORMATION_FORMAT = dwarf;
				ENABLE_STRICT_OBJC_MSGSEND = YES;
				ENABLE_TESTABILITY = YES;
				GCC_C_LANGUAGE_STANDARD = gnu11;
				GCC_DYNAMIC_NO_PIC = NO;
				GCC_NO_COMMON_BLOCKS = YES;
				GCC_OPTIMIZATION_LEVEL = 0;
				GCC_PREPROCESSOR_DEFINITIONS = (
					"DEBUG=1",
					"$(inherited)",
				);
				GCC_WARN_64_TO_32_BIT_CONVERSION = YES;
				GCC_WARN_ABOUT_RETURN_TYPE = YES_ERROR;
				GCC_WARN_UNDECLARED_SELECTOR = YES;
				GCC_WARN_UNINITIALIZED_AUTOS = YES_AGGRESSIVE;
				GCC_WARN_UNUSED_FUNCTION = YES;
				GCC_WARN_UNUSED_VARIABLE = YES;
				IPHONEOS_DEPLOYMENT_TARGET = 15.5;
				MTL_ENABLE_DEBUG_INFO = INCLUDE_SOURCE;
				MTL_FAST_MATH = YES;
				ONLY_ACTIVE_ARCH = YES;
				SDKROOT = iphoneos;
				SWIFT_ACTIVE_COMPILATION_CONDITIONS = DEBUG;
				SWIFT_OPTIMIZATION_LEVEL = "-Onone";
			};
			name = Debug;
		};
		073295C4291E9CB00047F55D /* Release */ = {
			isa = XCBuildConfiguration;
			buildSettings = {
				ALWAYS_SEARCH_USER_PATHS = NO;
				CLANG_ANALYZER_NONNULL = YES;
				CLANG_ANALYZER_NUMBER_OBJECT_CONVERSION = YES_AGGRESSIVE;
				CLANG_CXX_LANGUAGE_STANDARD = "gnu++17";
				CLANG_ENABLE_MODULES = YES;
				CLANG_ENABLE_OBJC_ARC = YES;
				CLANG_ENABLE_OBJC_WEAK = YES;
				CLANG_WARN_BLOCK_CAPTURE_AUTORELEASING = YES;
				CLANG_WARN_BOOL_CONVERSION = YES;
				CLANG_WARN_COMMA = YES;
				CLANG_WARN_CONSTANT_CONVERSION = YES;
				CLANG_WARN_DEPRECATED_OBJC_IMPLEMENTATIONS = YES;
				CLANG_WARN_DIRECT_OBJC_ISA_USAGE = YES_ERROR;
				CLANG_WARN_DOCUMENTATION_COMMENTS = YES;
				CLANG_WARN_EMPTY_BODY = YES;
				CLANG_WARN_ENUM_CONVERSION = YES;
				CLANG_WARN_INFINITE_RECURSION = YES;
				CLANG_WARN_INT_CONVERSION = YES;
				CLANG_WARN_NON_LITERAL_NULL_CONVERSION = YES;
				CLANG_WARN_OBJC_IMPLICIT_RETAIN_SELF = YES;
				CLANG_WARN_OBJC_LITERAL_CONVERSION = YES;
				CLANG_WARN_OBJC_ROOT_CLASS = YES_ERROR;
				CLANG_WARN_QUOTED_INCLUDE_IN_FRAMEWORK_HEADER = YES;
				CLANG_WARN_RANGE_LOOP_ANALYSIS = YES;
				CLANG_WARN_STRICT_PROTOTYPES = YES;
				CLANG_WARN_SUSPICIOUS_MOVE = YES;
				CLANG_WARN_UNGUARDED_AVAILABILITY = YES_AGGRESSIVE;
				CLANG_WARN_UNREACHABLE_CODE = YES;
				CLANG_WARN__DUPLICATE_METHOD_MATCH = YES;
				COPY_PHASE_STRIP = NO;
				DEBUG_INFORMATION_FORMAT = "dwarf-with-dsym";
				ENABLE_NS_ASSERTIONS = NO;
				ENABLE_STRICT_OBJC_MSGSEND = YES;
				GCC_C_LANGUAGE_STANDARD = gnu11;
				GCC_NO_COMMON_BLOCKS = YES;
				GCC_WARN_64_TO_32_BIT_CONVERSION = YES;
				GCC_WARN_ABOUT_RETURN_TYPE = YES_ERROR;
				GCC_WARN_UNDECLARED_SELECTOR = YES;
				GCC_WARN_UNINITIALIZED_AUTOS = YES_AGGRESSIVE;
				GCC_WARN_UNUSED_FUNCTION = YES;
				GCC_WARN_UNUSED_VARIABLE = YES;
				IPHONEOS_DEPLOYMENT_TARGET = 15.5;
				MTL_ENABLE_DEBUG_INFO = NO;
				MTL_FAST_MATH = YES;
				SDKROOT = iphoneos;
				SWIFT_COMPILATION_MODE = wholemodule;
				SWIFT_OPTIMIZATION_LEVEL = "-O";
				VALIDATE_PRODUCT = YES;
			};
			name = Release;
		};
		073295C6291E9CB00047F55D /* Debug */ = {
			isa = XCBuildConfiguration;
			buildSettings = {
				ASSETCATALOG_COMPILER_APPICON_NAME = AppIcon;
				ASSETCATALOG_COMPILER_GLOBAL_ACCENT_COLOR_NAME = AccentColor;
				CODE_SIGN_STYLE = Automatic;
				CURRENT_PROJECT_VERSION = 1;
				DEVELOPMENT_ASSET_PATHS = "\"Fruits/Preview Content\"";
				DEVELOPMENT_TEAM = NF9G85TZ2T;
				ENABLE_PREVIEWS = YES;
				GENERATE_INFOPLIST_FILE = YES;
				INFOPLIST_KEY_UIApplicationSceneManifest_Generation = YES;
				INFOPLIST_KEY_UIApplicationSupportsIndirectInputEvents = YES;
				INFOPLIST_KEY_UILaunchScreen_Generation = YES;
				INFOPLIST_KEY_UISupportedInterfaceOrientations = UIInterfaceOrientationPortrait;
				INFOPLIST_KEY_UISupportedInterfaceOrientations_iPad = "UIInterfaceOrientationPortrait UIInterfaceOrientationPortraitUpsideDown UIInterfaceOrientationLandscapeLeft UIInterfaceOrientationLandscapeRight";
				INFOPLIST_KEY_UISupportedInterfaceOrientations_iPhone = UIInterfaceOrientationPortrait;
				IPHONEOS_DEPLOYMENT_TARGET = 14.0;
				LD_RUNPATH_SEARCH_PATHS = (
					"$(inherited)",
					"@executable_path/Frameworks",
				);
				MARKETING_VERSION = 1.0;
				PRODUCT_BUNDLE_IDENTIFIER = OurTrees.Fruits;
				PRODUCT_NAME = "$(TARGET_NAME)";
				SWIFT_EMIT_LOC_STRINGS = YES;
				SWIFT_VERSION = 5.0;
				TARGETED_DEVICE_FAMILY = "1,2";
			};
			name = Debug;
		};
		073295C7291E9CB00047F55D /* Release */ = {
			isa = XCBuildConfiguration;
			buildSettings = {
				ASSETCATALOG_COMPILER_APPICON_NAME = AppIcon;
				ASSETCATALOG_COMPILER_GLOBAL_ACCENT_COLOR_NAME = AccentColor;
				CODE_SIGN_STYLE = Automatic;
				CURRENT_PROJECT_VERSION = 1;
				DEVELOPMENT_ASSET_PATHS = "\"Fruits/Preview Content\"";
				DEVELOPMENT_TEAM = NF9G85TZ2T;
				ENABLE_PREVIEWS = YES;
				GENERATE_INFOPLIST_FILE = YES;
				INFOPLIST_KEY_UIApplicationSceneManifest_Generation = YES;
				INFOPLIST_KEY_UIApplicationSupportsIndirectInputEvents = YES;
				INFOPLIST_KEY_UILaunchScreen_Generation = YES;
				INFOPLIST_KEY_UISupportedInterfaceOrientations = UIInterfaceOrientationPortrait;
				INFOPLIST_KEY_UISupportedInterfaceOrientations_iPad = "UIInterfaceOrientationPortrait UIInterfaceOrientationPortraitUpsideDown UIInterfaceOrientationLandscapeLeft UIInterfaceOrientationLandscapeRight";
				INFOPLIST_KEY_UISupportedInterfaceOrientations_iPhone = UIInterfaceOrientationPortrait;
				IPHONEOS_DEPLOYMENT_TARGET = 14.0;
				LD_RUNPATH_SEARCH_PATHS = (
					"$(inherited)",
					"@executable_path/Frameworks",
				);
				MARKETING_VERSION = 1.0;
				PRODUCT_BUNDLE_IDENTIFIER = OurTrees.Fruits;
				PRODUCT_NAME = "$(TARGET_NAME)";
				SWIFT_EMIT_LOC_STRINGS = YES;
				SWIFT_VERSION = 5.0;
				TARGETED_DEVICE_FAMILY = "1,2";
			};
			name = Release;
		};
/* End XCBuildConfiguration section */

/* Begin XCConfigurationList section */
		073295B2291E9CAE0047F55D /* Build configuration list for PBXProject "Fruits" */ = {
			isa = XCConfigurationList;
			buildConfigurations = (
				073295C3291E9CB00047F55D /* Debug */,
				073295C4291E9CB00047F55D /* Release */,
			);
			defaultConfigurationIsVisible = 0;
			defaultConfigurationName = Release;
		};
		073295C5291E9CB00047F55D /* Build configuration list for PBXNativeTarget "Fruits" */ = {
			isa = XCConfigurationList;
			buildConfigurations = (
				073295C6291E9CB00047F55D /* Debug */,
				073295C7291E9CB00047F55D /* Release */,
			);
			defaultConfigurationIsVisible = 0;
			defaultConfigurationName = Release;
		};
/* End XCConfigurationList section */
	};
	rootObject = 073295AF291E9CAE0047F55D /* Project object */;
}
