// !$*UTF8*$!
{
	archiveVersion = 1;
	classes = {
	};
	objectVersion = 56;
	objects = {

/* Begin PBXBuildFile section */
		070432AE293506D600034FC6 /* VideoPlayerView.swift in Sources */ = {isa = PBXBuildFile; fileRef = 070432AD293506D600034FC6 /* VideoPlayerView.swift */; };
		070432B1293507A100034FC6 /* VideoPlayerHelper.swift in Sources */ = {isa = PBXBuildFile; fileRef = 070432B0293507A100034FC6 /* VideoPlayerHelper.swift */; };
		070432BF29350D0900034FC6 /* giraffe.mp4 in Resources */ = {isa = PBXBuildFile; fileRef = 070432B529350D0900034FC6 /* giraffe.mp4 */; };
		070432C029350D0900034FC6 /* ostrich.mp4 in Resources */ = {isa = PBXBuildFile; fileRef = 070432B629350D0900034FC6 /* ostrich.mp4 */; };
		070432C129350D0900034FC6 /* zebra.mp4 in Resources */ = {isa = PBXBuildFile; fileRef = 070432B729350D0900034FC6 /* zebra.mp4 */; };
		070432C229350D0900034FC6 /* hippo.mp4 in Resources */ = {isa = PBXBuildFile; fileRef = 070432B829350D0900034FC6 /* hippo.mp4 */; };
		070432C329350D0900034FC6 /* cheetah.mp4 in Resources */ = {isa = PBXBuildFile; fileRef = 070432B929350D0900034FC6 /* cheetah.mp4 */; };
		070432C429350D0900034FC6 /* gorilla.mp4 in Resources */ = {isa = PBXBuildFile; fileRef = 070432BA29350D0900034FC6 /* gorilla.mp4 */; };
		070432C529350D0900034FC6 /* elephant.mp4 in Resources */ = {isa = PBXBuildFile; fileRef = 070432BB29350D0900034FC6 /* elephant.mp4 */; };
		070432C629350D0900034FC6 /* lioness.mp4 in Resources */ = {isa = PBXBuildFile; fileRef = 070432BC29350D0900034FC6 /* lioness.mp4 */; };
		070432C729350D0900034FC6 /* lion.mp4 in Resources */ = {isa = PBXBuildFile; fileRef = 070432BD29350D0900034FC6 /* lion.mp4 */; };
		070432C829350D0900034FC6 /* rhino.mp4 in Resources */ = {isa = PBXBuildFile; fileRef = 070432BE29350D0900034FC6 /* rhino.mp4 */; };
		070432CA29350FD600034FC6 /* LocationModel.swift in Sources */ = {isa = PBXBuildFile; fileRef = 070432C929350FD600034FC6 /* LocationModel.swift */; };
		070432EA2935131900034FC6 /* locations.json in Resources */ = {isa = PBXBuildFile; fileRef = 070432E62935131900034FC6 /* locations.json */; };
		070432EB2935131900034FC6 /* covers.json in Resources */ = {isa = PBXBuildFile; fileRef = 070432E72935131900034FC6 /* covers.json */; };
		070432EC2935131900034FC6 /* animals.json in Resources */ = {isa = PBXBuildFile; fileRef = 070432E82935131900034FC6 /* animals.json */; };
		070432ED2935131900034FC6 /* videos.json in Resources */ = {isa = PBXBuildFile; fileRef = 070432E92935131900034FC6 /* videos.json */; };
		070E6999292FD9E70013CB68 /* VideoModel.swift in Sources */ = {isa = PBXBuildFile; fileRef = 070E6998292FD9E70013CB68 /* VideoModel.swift */; };
		070E699B292FDA3A0013CB68 /* VideoListItemView.swift in Sources */ = {isa = PBXBuildFile; fileRef = 070E699A292FDA3A0013CB68 /* VideoListItemView.swift */; };
		071DBCF4294592AB00D84E96 /* Stickers.xcassets in Resources */ = {isa = PBXBuildFile; fileRef = 071DBCF3294592AB00D84E96 /* Stickers.xcassets */; };
		071DBCF8294592AB00D84E96 /* Stickers.appex in Embed Foundation Extensions */ = {isa = PBXBuildFile; fileRef = 071DBCF1294592A900D84E96 /* Stickers.appex */; settings = {ATTRIBUTES = (RemoveHeadersOnCopy, ); }; };
		074CA539293B6FEF0036571E /* MapAnnotationView.swift in Sources */ = {isa = PBXBuildFile; fileRef = 074CA538293B6FEF0036571E /* MapAnnotationView.swift */; };
		074CA53B293B75B60036571E /* MotionAnimationView.swift in Sources */ = {isa = PBXBuildFile; fileRef = 074CA53A293B75B60036571E /* MotionAnimationView.swift */; };
		074D434B292A4CDE00167582 /* InsetMapView.swift in Sources */ = {isa = PBXBuildFile; fileRef = 074D434A292A4CDE00167582 /* InsetMapView.swift */; };
		074D434D292A51D900167582 /* ExternalWeblinkView.swift in Sources */ = {isa = PBXBuildFile; fileRef = 074D434C292A51D900167582 /* ExternalWeblinkView.swift */; };
		076D8AF02928C2F10077E81F /* AfricaApp.swift in Sources */ = {isa = PBXBuildFile; fileRef = 076D8AEF2928C2F10077E81F /* AfricaApp.swift */; };
		076D8AF22928C2F10077E81F /* ContentView.swift in Sources */ = {isa = PBXBuildFile; fileRef = 076D8AF12928C2F10077E81F /* ContentView.swift */; };
		076D8AF42928C2F30077E81F /* Assets.xcassets in Resources */ = {isa = PBXBuildFile; fileRef = 076D8AF32928C2F30077E81F /* Assets.xcassets */; };
		076D8AF72928C2F30077E81F /* Preview Assets.xcassets in Resources */ = {isa = PBXBuildFile; fileRef = 076D8AF62928C2F30077E81F /* Preview Assets.xcassets */; };
		076D8B182928C7DD0077E81F /* VideoListView.swift in Sources */ = {isa = PBXBuildFile; fileRef = 076D8B172928C7DD0077E81F /* VideoListView.swift */; };
		076D8B1A2928C7EE0077E81F /* MapView.swift in Sources */ = {isa = PBXBuildFile; fileRef = 076D8B192928C7EE0077E81F /* MapView.swift */; };
		076D8B1C2928C7FE0077E81F /* GalleryView.swift in Sources */ = {isa = PBXBuildFile; fileRef = 076D8B1B2928C7FE0077E81F /* GalleryView.swift */; };
		076D8B1E2928C80A0077E81F /* MainView.swift in Sources */ = {isa = PBXBuildFile; fileRef = 076D8B1D2928C80A0077E81F /* MainView.swift */; };
		076D8B212928E29C0077E81F /* CoverImageView.swift in Sources */ = {isa = PBXBuildFile; fileRef = 076D8B202928E29C0077E81F /* CoverImageView.swift */; };
		076D8B242928E4550077E81F /* CoverImageModel.swift in Sources */ = {isa = PBXBuildFile; fileRef = 076D8B232928E4550077E81F /* CoverImageModel.swift */; };
		076D8B272928E6420077E81F /* CodableBundleExtension.swift in Sources */ = {isa = PBXBuildFile; fileRef = 076D8B262928E6420077E81F /* CodableBundleExtension.swift */; };
		07859B4C292A2D6C00D91420 /* AnimalListItemView.swift in Sources */ = {isa = PBXBuildFile; fileRef = 07859B4B292A2D6C00D91420 /* AnimalListItemView.swift */; };
		07859B4E292A312700D91420 /* AnimalModel.swift in Sources */ = {isa = PBXBuildFile; fileRef = 07859B4D292A312700D91420 /* AnimalModel.swift */; };
		07859B50292A36C100D91420 /* AnimalDetailView.swift in Sources */ = {isa = PBXBuildFile; fileRef = 07859B4F292A36C100D91420 /* AnimalDetailView.swift */; };
		07859B52292A3A3A00D91420 /* HeadingView.swift in Sources */ = {isa = PBXBuildFile; fileRef = 07859B51292A3A3A00D91420 /* HeadingView.swift */; };
		07859B54292A3B4600D91420 /* InsetGalleryView.swift in Sources */ = {isa = PBXBuildFile; fileRef = 07859B53292A3B4600D91420 /* InsetGalleryView.swift */; };
		07859B56292A480000D91420 /* InsetFactView.swift in Sources */ = {isa = PBXBuildFile; fileRef = 07859B55292A480000D91420 /* InsetFactView.swift */; };
		0799DAE6293CD56E00CADBDD /* AnimalGridItemView.swift in Sources */ = {isa = PBXBuildFile; fileRef = 0799DAE5293CD56E00CADBDD /* AnimalGridItemView.swift */; };
/* End PBXBuildFile section */

/* Begin PBXContainerItemProxy section */
		071DBCF6294592AB00D84E96 /* PBXContainerItemProxy */ = {
			isa = PBXContainerItemProxy;
			containerPortal = 076D8AE42928C2F00077E81F /* Project object */;
			proxyType = 1;
			remoteGlobalIDString = 071DBCF0294592A900D84E96;
			remoteInfo = Stickers;
		};
/* End PBXContainerItemProxy section */

/* Begin PBXCopyFilesBuildPhase section */
		071DBCF9294592AB00D84E96 /* Embed Foundation Extensions */ = {
			isa = PBXCopyFilesBuildPhase;
			buildActionMask = 2147483647;
			dstPath = "";
			dstSubfolderSpec = 13;
			files = (
				071DBCF8294592AB00D84E96 /* Stickers.appex in Embed Foundation Extensions */,
			);
			name = "Embed Foundation Extensions";
			runOnlyForDeploymentPostprocessing = 0;
		};
/* End PBXCopyFilesBuildPhase section */

/* Begin PBXFileReference section */
		070432AD293506D600034FC6 /* VideoPlayerView.swift */ = {isa = PBXFileReference; lastKnownFileType = sourcecode.swift; path = VideoPlayerView.swift; sourceTree = "<group>"; };
		070432B0293507A100034FC6 /* VideoPlayerHelper.swift */ = {isa = PBXFileReference; lastKnownFileType = sourcecode.swift; path = VideoPlayerHelper.swift; sourceTree = "<group>"; };
		070432B529350D0900034FC6 /* giraffe.mp4 */ = {isa = PBXFileReference; lastKnownFileType = file; path = giraffe.mp4; sourceTree = "<group>"; };
		070432B629350D0900034FC6 /* ostrich.mp4 */ = {isa = PBXFileReference; lastKnownFileType = file; path = ostrich.mp4; sourceTree = "<group>"; };
		070432B729350D0900034FC6 /* zebra.mp4 */ = {isa = PBXFileReference; lastKnownFileType = file; path = zebra.mp4; sourceTree = "<group>"; };
		070432B829350D0900034FC6 /* hippo.mp4 */ = {isa = PBXFileReference; lastKnownFileType = file; path = hippo.mp4; sourceTree = "<group>"; };
		070432B929350D0900034FC6 /* cheetah.mp4 */ = {isa = PBXFileReference; lastKnownFileType = file; path = cheetah.mp4; sourceTree = "<group>"; };
		070432BA29350D0900034FC6 /* gorilla.mp4 */ = {isa = PBXFileReference; lastKnownFileType = file; path = gorilla.mp4; sourceTree = "<group>"; };
		070432BB29350D0900034FC6 /* elephant.mp4 */ = {isa = PBXFileReference; lastKnownFileType = file; path = elephant.mp4; sourceTree = "<group>"; };
		070432BC29350D0900034FC6 /* lioness.mp4 */ = {isa = PBXFileReference; lastKnownFileType = file; path = lioness.mp4; sourceTree = "<group>"; };
		070432BD29350D0900034FC6 /* lion.mp4 */ = {isa = PBXFileReference; lastKnownFileType = file; path = lion.mp4; sourceTree = "<group>"; };
		070432BE29350D0900034FC6 /* rhino.mp4 */ = {isa = PBXFileReference; lastKnownFileType = file; path = rhino.mp4; sourceTree = "<group>"; };
		070432C929350FD600034FC6 /* LocationModel.swift */ = {isa = PBXFileReference; lastKnownFileType = sourcecode.swift; path = LocationModel.swift; sourceTree = "<group>"; };
		070432E62935131900034FC6 /* locations.json */ = {isa = PBXFileReference; fileEncoding = 4; lastKnownFileType = text.json; path = locations.json; sourceTree = "<group>"; };
		070432E72935131900034FC6 /* covers.json */ = {isa = PBXFileReference; fileEncoding = 4; lastKnownFileType = text.json; path = covers.json; sourceTree = "<group>"; };
		070432E82935131900034FC6 /* animals.json */ = {isa = PBXFileReference; fileEncoding = 4; lastKnownFileType = text.json; path = animals.json; sourceTree = "<group>"; };
		070432E92935131900034FC6 /* videos.json */ = {isa = PBXFileReference; fileEncoding = 4; lastKnownFileType = text.json; path = videos.json; sourceTree = "<group>"; };
		070E6998292FD9E70013CB68 /* VideoModel.swift */ = {isa = PBXFileReference; lastKnownFileType = sourcecode.swift; path = VideoModel.swift; sourceTree = "<group>"; };
		070E699A292FDA3A0013CB68 /* VideoListItemView.swift */ = {isa = PBXFileReference; lastKnownFileType = sourcecode.swift; path = VideoListItemView.swift; sourceTree = "<group>"; };
		071DBCF1294592A900D84E96 /* Stickers.appex */ = {isa = PBXFileReference; explicitFileType = "wrapper.app-extension"; includeInIndex = 0; path = Stickers.appex; sourceTree = BUILT_PRODUCTS_DIR; };
		071DBCF3294592AB00D84E96 /* Stickers.xcassets */ = {isa = PBXFileReference; lastKnownFileType = folder.assetcatalog; path = Stickers.xcassets; sourceTree = "<group>"; };
		071DBCF5294592AB00D84E96 /* Info.plist */ = {isa = PBXFileReference; lastKnownFileType = text.plist.xml; path = Info.plist; sourceTree = "<group>"; };
		074CA538293B6FEF0036571E /* MapAnnotationView.swift */ = {isa = PBXFileReference; lastKnownFileType = sourcecode.swift; path = MapAnnotationView.swift; sourceTree = "<group>"; };
		074CA53A293B75B60036571E /* MotionAnimationView.swift */ = {isa = PBXFileReference; lastKnownFileType = sourcecode.swift; path = MotionAnimationView.swift; sourceTree = "<group>"; };
		074D434A292A4CDE00167582 /* InsetMapView.swift */ = {isa = PBXFileReference; lastKnownFileType = sourcecode.swift; path = InsetMapView.swift; sourceTree = "<group>"; };
		074D434C292A51D900167582 /* ExternalWeblinkView.swift */ = {isa = PBXFileReference; lastKnownFileType = sourcecode.swift; path = ExternalWeblinkView.swift; sourceTree = "<group>"; };
		076D8AEC2928C2F10077E81F /* Africa.app */ = {isa = PBXFileReference; explicitFileType = wrapper.application; includeInIndex = 0; path = Africa.app; sourceTree = BUILT_PRODUCTS_DIR; };
		076D8AEF2928C2F10077E81F /* AfricaApp.swift */ = {isa = PBXFileReference; lastKnownFileType = sourcecode.swift; path = AfricaApp.swift; sourceTree = "<group>"; };
		076D8AF12928C2F10077E81F /* ContentView.swift */ = {isa = PBXFileReference; lastKnownFileType = sourcecode.swift; path = ContentView.swift; sourceTree = "<group>"; usesTabs = 1; };
		076D8AF32928C2F30077E81F /* Assets.xcassets */ = {isa = PBXFileReference; lastKnownFileType = folder.assetcatalog; path = Assets.xcassets; sourceTree = "<group>"; };
		076D8AF62928C2F30077E81F /* Preview Assets.xcassets */ = {isa = PBXFileReference; lastKnownFileType = folder.assetcatalog; path = "Preview Assets.xcassets"; sourceTree = "<group>"; };
		076D8B152928C6D60077E81F /* Info.plist */ = {isa = PBXFileReference; lastKnownFileType = text.plist; path = Info.plist; sourceTree = "<group>"; };
		076D8B172928C7DD0077E81F /* VideoListView.swift */ = {isa = PBXFileReference; lastKnownFileType = sourcecode.swift; path = VideoListView.swift; sourceTree = "<group>"; };
		076D8B192928C7EE0077E81F /* MapView.swift */ = {isa = PBXFileReference; lastKnownFileType = sourcecode.swift; path = MapView.swift; sourceTree = "<group>"; };
		076D8B1B2928C7FE0077E81F /* GalleryView.swift */ = {isa = PBXFileReference; lastKnownFileType = sourcecode.swift; path = GalleryView.swift; sourceTree = "<group>"; };
		076D8B1D2928C80A0077E81F /* MainView.swift */ = {isa = PBXFileReference; lastKnownFileType = sourcecode.swift; path = MainView.swift; sourceTree = "<group>"; };
		076D8B202928E29C0077E81F /* CoverImageView.swift */ = {isa = PBXFileReference; lastKnownFileType = sourcecode.swift; path = CoverImageView.swift; sourceTree = "<group>"; };
		076D8B232928E4550077E81F /* CoverImageModel.swift */ = {isa = PBXFileReference; lastKnownFileType = sourcecode.swift; path = CoverImageModel.swift; sourceTree = "<group>"; };
		076D8B262928E6420077E81F /* CodableBundleExtension.swift */ = {isa = PBXFileReference; lastKnownFileType = sourcecode.swift; path = CodableBundleExtension.swift; sourceTree = "<group>"; };
		07859B4B292A2D6C00D91420 /* AnimalListItemView.swift */ = {isa = PBXFileReference; lastKnownFileType = sourcecode.swift; path = AnimalListItemView.swift; sourceTree = "<group>"; };
		07859B4D292A312700D91420 /* AnimalModel.swift */ = {isa = PBXFileReference; lastKnownFileType = sourcecode.swift; path = AnimalModel.swift; sourceTree = "<group>"; };
		07859B4F292A36C100D91420 /* AnimalDetailView.swift */ = {isa = PBXFileReference; lastKnownFileType = sourcecode.swift; path = AnimalDetailView.swift; sourceTree = "<group>"; };
		07859B51292A3A3A00D91420 /* HeadingView.swift */ = {isa = PBXFileReference; lastKnownFileType = sourcecode.swift; path = HeadingView.swift; sourceTree = "<group>"; };
		07859B53292A3B4600D91420 /* InsetGalleryView.swift */ = {isa = PBXFileReference; lastKnownFileType = sourcecode.swift; path = InsetGalleryView.swift; sourceTree = "<group>"; };
		07859B55292A480000D91420 /* InsetFactView.swift */ = {isa = PBXFileReference; lastKnownFileType = sourcecode.swift; path = InsetFactView.swift; sourceTree = "<group>"; };
		0799DAE5293CD56E00CADBDD /* AnimalGridItemView.swift */ = {isa = PBXFileReference; lastKnownFileType = sourcecode.swift; path = AnimalGridItemView.swift; sourceTree = "<group>"; };
/* End PBXFileReference section */

/* Begin PBXFrameworksBuildPhase section */
		076D8AE92928C2F00077E81F /* Frameworks */ = {
			isa = PBXFrameworksBuildPhase;
			buildActionMask = 2147483647;
			files = (
			);
			runOnlyForDeploymentPostprocessing = 0;
		};
/* End PBXFrameworksBuildPhase section */

/* Begin PBXGroup section */
		070432AF2935079200034FC6 /* Helper */ = {
			isa = PBXGroup;
			children = (
				070432B0293507A100034FC6 /* VideoPlayerHelper.swift */,
			);
			path = Helper;
			sourceTree = "<group>";
		};
		070432B429350D0900034FC6 /* Video */ = {
			isa = PBXGroup;
			children = (
				070432B529350D0900034FC6 /* giraffe.mp4 */,
				070432B629350D0900034FC6 /* ostrich.mp4 */,
				070432B729350D0900034FC6 /* zebra.mp4 */,
				070432B829350D0900034FC6 /* hippo.mp4 */,
				070432B929350D0900034FC6 /* cheetah.mp4 */,
				070432BA29350D0900034FC6 /* gorilla.mp4 */,
				070432BB29350D0900034FC6 /* elephant.mp4 */,
				070432BC29350D0900034FC6 /* lioness.mp4 */,
				070432BD29350D0900034FC6 /* lion.mp4 */,
				070432BE29350D0900034FC6 /* rhino.mp4 */,
			);
			path = Video;
			sourceTree = "<group>";
		};
		070432E52935131900034FC6 /* Data */ = {
			isa = PBXGroup;
			children = (
				070432E62935131900034FC6 /* locations.json */,
				070432E72935131900034FC6 /* covers.json */,
				070432E82935131900034FC6 /* animals.json */,
				070432E92935131900034FC6 /* videos.json */,
			);
			path = Data;
			sourceTree = "<group>";
		};
		071DBCF2294592A900D84E96 /* Stickers */ = {
			isa = PBXGroup;
			children = (
				071DBCF3294592AB00D84E96 /* Stickers.xcassets */,
				071DBCF5294592AB00D84E96 /* Info.plist */,
			);
			path = Stickers;
			sourceTree = "<group>";
		};
		076D8AE32928C2F00077E81F = {
			isa = PBXGroup;
			children = (
				076D8AEE2928C2F10077E81F /* Africa */,
				071DBCF2294592A900D84E96 /* Stickers */,
				076D8AED2928C2F10077E81F /* Products */,
			);
			sourceTree = "<group>";
		};
		076D8AED2928C2F10077E81F /* Products */ = {
			isa = PBXGroup;
			children = (
				076D8AEC2928C2F10077E81F /* Africa.app */,
				071DBCF1294592A900D84E96 /* Stickers.appex */,
			);
			name = Products;
			sourceTree = "<group>";
		};
		076D8AEE2928C2F10077E81F /* Africa */ = {
			isa = PBXGroup;
			children = (
				070432E52935131900034FC6 /* Data */,
				070432AF2935079200034FC6 /* Helper */,
				076D8B252928E62C0077E81F /* Extension */,
				076D8B1F2928E2920077E81F /* View */,
				076D8B222928E4450077E81F /* Model */,
				076D8B152928C6D60077E81F /* Info.plist */,
				070432B429350D0900034FC6 /* Video */,
				076D8B162928C7A50077E81F /* App */,
				076D8AF32928C2F30077E81F /* Assets.xcassets */,
				076D8AF52928C2F30077E81F /* Preview Content */,
			);
			path = Africa;
			sourceTree = "<group>";
		};
		076D8AF52928C2F30077E81F /* Preview Content */ = {
			isa = PBXGroup;
			children = (
				076D8AF62928C2F30077E81F /* Preview Assets.xcassets */,
			);
			path = "Preview Content";
			sourceTree = "<group>";
		};
		076D8B162928C7A50077E81F /* App */ = {
			isa = PBXGroup;
			children = (
				076D8AEF2928C2F10077E81F /* AfricaApp.swift */,
				076D8AF12928C2F10077E81F /* ContentView.swift */,
				076D8B1B2928C7FE0077E81F /* GalleryView.swift */,
				076D8B1D2928C80A0077E81F /* MainView.swift */,
				076D8B192928C7EE0077E81F /* MapView.swift */,
				076D8B172928C7DD0077E81F /* VideoListView.swift */,
			);
			path = App;
			sourceTree = "<group>";
		};
		076D8B1F2928E2920077E81F /* View */ = {
			isa = PBXGroup;
			children = (
				076D8B202928E29C0077E81F /* CoverImageView.swift */,
				074CA538293B6FEF0036571E /* MapAnnotationView.swift */,
				0799DAE5293CD56E00CADBDD /* AnimalGridItemView.swift */,
				074D434C292A51D900167582 /* ExternalWeblinkView.swift */,
				070432AD293506D600034FC6 /* VideoPlayerView.swift */,
				07859B4B292A2D6C00D91420 /* AnimalListItemView.swift */,
				07859B4F292A36C100D91420 /* AnimalDetailView.swift */,
				07859B51292A3A3A00D91420 /* HeadingView.swift */,
				07859B53292A3B4600D91420 /* InsetGalleryView.swift */,
				07859B55292A480000D91420 /* InsetFactView.swift */,
				074D434A292A4CDE00167582 /* InsetMapView.swift */,
				070E699A292FDA3A0013CB68 /* VideoListItemView.swift */,
				074CA53A293B75B60036571E /* MotionAnimationView.swift */,
			);
			path = View;
			sourceTree = "<group>";
		};
		076D8B222928E4450077E81F /* Model */ = {
			isa = PBXGroup;
			children = (
				076D8B232928E4550077E81F /* CoverImageModel.swift */,
				07859B4D292A312700D91420 /* AnimalModel.swift */,
				070E6998292FD9E70013CB68 /* VideoModel.swift */,
				070432C929350FD600034FC6 /* LocationModel.swift */,
			);
			path = Model;
			sourceTree = "<group>";
		};
		076D8B252928E62C0077E81F /* Extension */ = {
			isa = PBXGroup;
			children = (
				076D8B262928E6420077E81F /* CodableBundleExtension.swift */,
			);
			path = Extension;
			sourceTree = "<group>";
		};
/* End PBXGroup section */

/* Begin PBXNativeTarget section */
		071DBCF0294592A900D84E96 /* Stickers */ = {
			isa = PBXNativeTarget;
			buildConfigurationList = 071DBCFC294592AB00D84E96 /* Build configuration list for PBXNativeTarget "Stickers" */;
			buildPhases = (
				071DBCEF294592A900D84E96 /* Resources */,
			);
			buildRules = (
			);
			dependencies = (
			);
			name = Stickers;
			productName = Stickers;
			productReference = 071DBCF1294592A900D84E96 /* Stickers.appex */;
			productType = "com.apple.product-type.app-extension.messages-sticker-pack";
		};
		076D8AEB2928C2F00077E81F /* Africa */ = {
			isa = PBXNativeTarget;
			buildConfigurationList = 076D8AFA2928C2F30077E81F /* Build configuration list for PBXNativeTarget "Africa" */;
			buildPhases = (
				076D8AE82928C2F00077E81F /* Sources */,
				076D8AE92928C2F00077E81F /* Frameworks */,
				076D8AEA2928C2F00077E81F /* Resources */,
				071DBCF9294592AB00D84E96 /* Embed Foundation Extensions */,
			);
			buildRules = (
			);
			dependencies = (
				071DBCF7294592AB00D84E96 /* PBXTargetDependency */,
			);
			name = Africa;
			productName = Africa;
			productReference = 076D8AEC2928C2F10077E81F /* Africa.app */;
			productType = "com.apple.product-type.application";
		};
/* End PBXNativeTarget section */

/* Begin PBXProject section */
		076D8AE42928C2F00077E81F /* Project object */ = {
			isa = PBXProject;
			attributes = {
				BuildIndependentTargetsInParallel = 1;
				LastSwiftUpdateCheck = 1400;
				LastUpgradeCheck = 1400;
				TargetAttributes = {
					071DBCF0294592A900D84E96 = {
						CreatedOnToolsVersion = 14.0;
					};
					076D8AEB2928C2F00077E81F = {
						CreatedOnToolsVersion = 14.0;
					};
				};
			};
			buildConfigurationList = 076D8AE72928C2F00077E81F /* Build configuration list for PBXProject "Africa" */;
			compatibilityVersion = "Xcode 14.0";
			developmentRegion = en;
			hasScannedForEncodings = 0;
			knownRegions = (
				en,
				Base,
			);
			mainGroup = 076D8AE32928C2F00077E81F;
			productRefGroup = 076D8AED2928C2F10077E81F /* Products */;
			projectDirPath = "";
			projectRoot = "";
			targets = (
				076D8AEB2928C2F00077E81F /* Africa */,
				071DBCF0294592A900D84E96 /* Stickers */,
			);
		};
/* End PBXProject section */

/* Begin PBXResourcesBuildPhase section */
		071DBCEF294592A900D84E96 /* Resources */ = {
			isa = PBXResourcesBuildPhase;
			buildActionMask = 2147483647;
			files = (
				071DBCF4294592AB00D84E96 /* Stickers.xcassets in Resources */,
			);
			runOnlyForDeploymentPostprocessing = 0;
		};
		076D8AEA2928C2F00077E81F /* Resources */ = {
			isa = PBXResourcesBuildPhase;
			buildActionMask = 2147483647;
			files = (
				070432EC2935131900034FC6 /* animals.json in Resources */,
				070432EA2935131900034FC6 /* locations.json in Resources */,
				070432C229350D0900034FC6 /* hippo.mp4 in Resources */,
				076D8AF72928C2F30077E81F /* Preview Assets.xcassets in Resources */,
				070432C429350D0900034FC6 /* gorilla.mp4 in Resources */,
				070432C629350D0900034FC6 /* lioness.mp4 in Resources */,
				070432C529350D0900034FC6 /* elephant.mp4 in Resources */,
				070432C829350D0900034FC6 /* rhino.mp4 in Resources */,
				070432EB2935131900034FC6 /* covers.json in Resources */,
				076D8AF42928C2F30077E81F /* Assets.xcassets in Resources */,
				070432BF29350D0900034FC6 /* giraffe.mp4 in Resources */,
				070432C029350D0900034FC6 /* ostrich.mp4 in Resources */,
				070432C129350D0900034FC6 /* zebra.mp4 in Resources */,
				070432ED2935131900034FC6 /* videos.json in Resources */,
				070432C729350D0900034FC6 /* lion.mp4 in Resources */,
				070432C329350D0900034FC6 /* cheetah.mp4 in Resources */,
			);
			runOnlyForDeploymentPostprocessing = 0;
		};
/* End PBXResourcesBuildPhase section */

/* Begin PBXSourcesBuildPhase section */
		076D8AE82928C2F00077E81F /* Sources */ = {
			isa = PBXSourcesBuildPhase;
			buildActionMask = 2147483647;
			files = (
				074D434D292A51D900167582 /* ExternalWeblinkView.swift in Sources */,
				076D8AF22928C2F10077E81F /* ContentView.swift in Sources */,
				07859B4C292A2D6C00D91420 /* AnimalListItemView.swift in Sources */,
				076D8B1E2928C80A0077E81F /* MainView.swift in Sources */,
				07859B56292A480000D91420 /* InsetFactView.swift in Sources */,
				076D8B212928E29C0077E81F /* CoverImageView.swift in Sources */,
				076D8B242928E4550077E81F /* CoverImageModel.swift in Sources */,
				07859B50292A36C100D91420 /* AnimalDetailView.swift in Sources */,
				07859B4E292A312700D91420 /* AnimalModel.swift in Sources */,
				076D8B1A2928C7EE0077E81F /* MapView.swift in Sources */,
				070432B1293507A100034FC6 /* VideoPlayerHelper.swift in Sources */,
				074D434B292A4CDE00167582 /* InsetMapView.swift in Sources */,
				076D8AF02928C2F10077E81F /* AfricaApp.swift in Sources */,
				074CA539293B6FEF0036571E /* MapAnnotationView.swift in Sources */,
				076D8B182928C7DD0077E81F /* VideoListView.swift in Sources */,
				070E6999292FD9E70013CB68 /* VideoModel.swift in Sources */,
				076D8B1C2928C7FE0077E81F /* GalleryView.swift in Sources */,
				070432CA29350FD600034FC6 /* LocationModel.swift in Sources */,
				0799DAE6293CD56E00CADBDD /* AnimalGridItemView.swift in Sources */,
				076D8B272928E6420077E81F /* CodableBundleExtension.swift in Sources */,
				070E699B292FDA3A0013CB68 /* VideoListItemView.swift in Sources */,
				07859B54292A3B4600D91420 /* InsetGalleryView.swift in Sources */,
				074CA53B293B75B60036571E /* MotionAnimationView.swift in Sources */,
				07859B52292A3A3A00D91420 /* HeadingView.swift in Sources */,
				070432AE293506D600034FC6 /* VideoPlayerView.swift in Sources */,
			);
			runOnlyForDeploymentPostprocessing = 0;
		};
/* End PBXSourcesBuildPhase section */

/* Begin PBXTargetDependency section */
		071DBCF7294592AB00D84E96 /* PBXTargetDependency */ = {
			isa = PBXTargetDependency;
			target = 071DBCF0294592A900D84E96 /* Stickers */;
			targetProxy = 071DBCF6294592AB00D84E96 /* PBXContainerItemProxy */;
		};
/* End PBXTargetDependency section */

/* Begin XCBuildConfiguration section */
		071DBCFA294592AB00D84E96 /* Debug */ = {
			isa = XCBuildConfiguration;
			buildSettings = {
				ASSETCATALOG_COMPILER_APPICON_NAME = "iMessage App Icon";
				CODE_SIGN_STYLE = Automatic;
				CURRENT_PROJECT_VERSION = 1;
				DEVELOPMENT_TEAM = NF9G85TZ2T;
				GENERATE_INFOPLIST_FILE = YES;
				INFOPLIST_FILE = Stickers/Info.plist;
				INFOPLIST_KEY_CFBundleDisplayName = Africa;
				MARKETING_VERSION = 1.0;
				PRODUCT_BUNDLE_IDENTIFIER = com.ourtrees.Africa.Stickers;
				PRODUCT_NAME = "$(TARGET_NAME)";
				SKIP_INSTALL = YES;
				SWIFT_EMIT_LOC_STRINGS = YES;
				TARGETED_DEVICE_FAMILY = "1,2";
			};
			name = Debug;
		};
		071DBCFB294592AB00D84E96 /* Release */ = {
			isa = XCBuildConfiguration;
			buildSettings = {
				ASSETCATALOG_COMPILER_APPICON_NAME = "iMessage App Icon";
				CODE_SIGN_STYLE = Automatic;
				CURRENT_PROJECT_VERSION = 1;
				DEVELOPMENT_TEAM = NF9G85TZ2T;
				GENERATE_INFOPLIST_FILE = YES;
				INFOPLIST_FILE = Stickers/Info.plist;
				INFOPLIST_KEY_CFBundleDisplayName = Africa;
				MARKETING_VERSION = 1.0;
				PRODUCT_BUNDLE_IDENTIFIER = com.ourtrees.Africa.Stickers;
				PRODUCT_NAME = "$(TARGET_NAME)";
				SKIP_INSTALL = YES;
				SWIFT_EMIT_LOC_STRINGS = YES;
				TARGETED_DEVICE_FAMILY = "1,2";
			};
			name = Release;
		};
		076D8AF82928C2F30077E81F /* Debug */ = {
			isa = XCBuildConfiguration;
			buildSettings = {
				ALWAYS_SEARCH_USER_PATHS = NO;
				CLANG_ANALYZER_NONNULL = YES;
				CLANG_ANALYZER_NUMBER_OBJECT_CONVERSION = YES_AGGRESSIVE;
				CLANG_CXX_LANGUAGE_STANDARD = "gnu++20";
				CLANG_ENABLE_MODULES = YES;
				CLANG_ENABLE_OBJC_ARC = YES;
				CLANG_ENABLE_OBJC_WEAK = YES;
				CLANG_WARN_BLOCK_CAPTURE_AUTORELEASING = YES;
				CLANG_WARN_BOOL_CONVERSION = YES;
				CLANG_WARN_COMMA = YES;
				CLANG_WARN_CONSTANT_CONVERSION = YES;
				CLANG_WARN_DEPRECATED_OBJC_IMPLEMENTATIONS = YES;
				CLANG_WARN_DIRECT_OBJC_ISA_USAGE = YES_ERROR;
				CLANG_WARN_DOCUMENTATION_COMMENTS = YES;
				CLANG_WARN_EMPTY_BODY = YES;
				CLANG_WARN_ENUM_CONVERSION = YES;
				CLANG_WARN_INFINITE_RECURSION = YES;
				CLANG_WARN_INT_CONVERSION = YES;
				CLANG_WARN_NON_LITERAL_NULL_CONVERSION = YES;
				CLANG_WARN_OBJC_IMPLICIT_RETAIN_SELF = YES;
				CLANG_WARN_OBJC_LITERAL_CONVERSION = YES;
				CLANG_WARN_OBJC_ROOT_CLASS = YES_ERROR;
				CLANG_WARN_QUOTED_INCLUDE_IN_FRAMEWORK_HEADER = YES;
				CLANG_WARN_RANGE_LOOP_ANALYSIS = YES;
				CLANG_WARN_STRICT_PROTOTYPES = YES;
				CLANG_WARN_SUSPICIOUS_MOVE = YES;
				CLANG_WARN_UNGUARDED_AVAILABILITY = YES_AGGRESSIVE;
				CLANG_WARN_UNREACHABLE_CODE = YES;
				CLANG_WARN__DUPLICATE_METHOD_MATCH = YES;
				COPY_PHASE_STRIP = NO;
				DEBUG_INFORMATION_FORMAT = dwarf;
				ENABLE_STRICT_OBJC_MSGSEND = YES;
				ENABLE_TESTABILITY = YES;
				GCC_C_LANGUAGE_STANDARD = gnu11;
				GCC_DYNAMIC_NO_PIC = NO;
				GCC_NO_COMMON_BLOCKS = YES;
				GCC_OPTIMIZATION_LEVEL = 0;
				GCC_PREPROCESSOR_DEFINITIONS = (
					"DEBUG=1",
					"$(inherited)",
				);
				GCC_WARN_64_TO_32_BIT_CONVERSION = YES;
				GCC_WARN_ABOUT_RETURN_TYPE = YES_ERROR;
				GCC_WARN_UNDECLARED_SELECTOR = YES;
				GCC_WARN_UNINITIALIZED_AUTOS = YES_AGGRESSIVE;
				GCC_WARN_UNUSED_FUNCTION = YES;
				GCC_WARN_UNUSED_VARIABLE = YES;
				IPHONEOS_DEPLOYMENT_TARGET = 16.0;
				MTL_ENABLE_DEBUG_INFO = INCLUDE_SOURCE;
				MTL_FAST_MATH = YES;
				ONLY_ACTIVE_ARCH = YES;
				SDKROOT = iphoneos;
				SWIFT_ACTIVE_COMPILATION_CONDITIONS = DEBUG;
				SWIFT_OPTIMIZATION_LEVEL = "-Onone";
			};
			name = Debug;
		};
		076D8AF92928C2F30077E81F /* Release */ = {
			isa = XCBuildConfiguration;
			buildSettings = {
				ALWAYS_SEARCH_USER_PATHS = NO;
				CLANG_ANALYZER_NONNULL = YES;
				CLANG_ANALYZER_NUMBER_OBJECT_CONVERSION = YES_AGGRESSIVE;
				CLANG_CXX_LANGUAGE_STANDARD = "gnu++20";
				CLANG_ENABLE_MODULES = YES;
				CLANG_ENABLE_OBJC_ARC = YES;
				CLANG_ENABLE_OBJC_WEAK = YES;
				CLANG_WARN_BLOCK_CAPTURE_AUTORELEASING = YES;
				CLANG_WARN_BOOL_CONVERSION = YES;
				CLANG_WARN_COMMA = YES;
				CLANG_WARN_CONSTANT_CONVERSION = YES;
				CLANG_WARN_DEPRECATED_OBJC_IMPLEMENTATIONS = YES;
				CLANG_WARN_DIRECT_OBJC_ISA_USAGE = YES_ERROR;
				CLANG_WARN_DOCUMENTATION_COMMENTS = YES;
				CLANG_WARN_EMPTY_BODY = YES;
				CLANG_WARN_ENUM_CONVERSION = YES;
				CLANG_WARN_INFINITE_RECURSION = YES;
				CLANG_WARN_INT_CONVERSION = YES;
				CLANG_WARN_NON_LITERAL_NULL_CONVERSION = YES;
				CLANG_WARN_OBJC_IMPLICIT_RETAIN_SELF = YES;
				CLANG_WARN_OBJC_LITERAL_CONVERSION = YES;
				CLANG_WARN_OBJC_ROOT_CLASS = YES_ERROR;
				CLANG_WARN_QUOTED_INCLUDE_IN_FRAMEWORK_HEADER = YES;
				CLANG_WARN_RANGE_LOOP_ANALYSIS = YES;
				CLANG_WARN_STRICT_PROTOTYPES = YES;
				CLANG_WARN_SUSPICIOUS_MOVE = YES;
				CLANG_WARN_UNGUARDED_AVAILABILITY = YES_AGGRESSIVE;
				CLANG_WARN_UNREACHABLE_CODE = YES;
				CLANG_WARN__DUPLICATE_METHOD_MATCH = YES;
				COPY_PHASE_STRIP = NO;
				DEBUG_INFORMATION_FORMAT = "dwarf-with-dsym";
				ENABLE_NS_ASSERTIONS = NO;
				ENABLE_STRICT_OBJC_MSGSEND = YES;
				GCC_C_LANGUAGE_STANDARD = gnu11;
				GCC_NO_COMMON_BLOCKS = YES;
				GCC_WARN_64_TO_32_BIT_CONVERSION = YES;
				GCC_WARN_ABOUT_RETURN_TYPE = YES_ERROR;
				GCC_WARN_UNDECLARED_SELECTOR = YES;
				GCC_WARN_UNINITIALIZED_AUTOS = YES_AGGRESSIVE;
				GCC_WARN_UNUSED_FUNCTION = YES;
				GCC_WARN_UNUSED_VARIABLE = YES;
				IPHONEOS_DEPLOYMENT_TARGET = 16.0;
				MTL_ENABLE_DEBUG_INFO = NO;
				MTL_FAST_MATH = YES;
				SDKROOT = iphoneos;
				SWIFT_COMPILATION_MODE = wholemodule;
				SWIFT_OPTIMIZATION_LEVEL = "-O";
				VALIDATE_PRODUCT = YES;
			};
			name = Release;
		};
		076D8AFB2928C2F30077E81F /* Debug */ = {
			isa = XCBuildConfiguration;
			buildSettings = {
				ASSETCATALOG_COMPILER_APPICON_NAME = AppIcon;
				ASSETCATALOG_COMPILER_GLOBAL_ACCENT_COLOR_NAME = AccentColor;
				CODE_SIGN_STYLE = Automatic;
				CURRENT_PROJECT_VERSION = 1;
				DEVELOPMENT_ASSET_PATHS = "\"Africa/Preview Content\"";
				DEVELOPMENT_TEAM = NF9G85TZ2T;
				ENABLE_PREVIEWS = YES;
				GENERATE_INFOPLIST_FILE = YES;
				INFOPLIST_FILE = Africa/Info.plist;
				INFOPLIST_KEY_UIApplicationSceneManifest_Generation = YES;
				INFOPLIST_KEY_UIApplicationSupportsIndirectInputEvents = YES;
				INFOPLIST_KEY_UISupportedInterfaceOrientations_iPad = "UIInterfaceOrientationPortrait UIInterfaceOrientationPortraitUpsideDown UIInterfaceOrientationLandscapeLeft UIInterfaceOrientationLandscapeRight";
				INFOPLIST_KEY_UISupportedInterfaceOrientations_iPhone = "UIInterfaceOrientationPortrait UIInterfaceOrientationLandscapeLeft UIInterfaceOrientationLandscapeRight";
				INFOPLIST_KEY_UIUserInterfaceStyle = Dark;
				IPHONEOS_DEPLOYMENT_TARGET = 14.0;
				LD_RUNPATH_SEARCH_PATHS = (
					"$(inherited)",
					"@executable_path/Frameworks",
				);
				MARKETING_VERSION = 1.0;
				PRODUCT_BUNDLE_IDENTIFIER = com.ourtrees.Africa;
				PRODUCT_NAME = "$(TARGET_NAME)";
				SWIFT_EMIT_LOC_STRINGS = YES;
				SWIFT_VERSION = 5.0;
				TARGETED_DEVICE_FAMILY = "1,2";
			};
			name = Debug;
		};
		076D8AFC2928C2F30077E81F /* Release */ = {
			isa = XCBuildConfiguration;
			buildSettings = {
				ASSETCATALOG_COMPILER_APPICON_NAME = AppIcon;
				ASSETCATALOG_COMPILER_GLOBAL_ACCENT_COLOR_NAME = AccentColor;
				CODE_SIGN_STYLE = Automatic;
				CURRENT_PROJECT_VERSION = 1;
				DEVELOPMENT_ASSET_PATHS = "\"Africa/Preview Content\"";
				DEVELOPMENT_TEAM = NF9G85TZ2T;
				ENABLE_PREVIEWS = YES;
				GENERATE_INFOPLIST_FILE = YES;
				INFOPLIST_FILE = Africa/Info.plist;
				INFOPLIST_KEY_UIApplicationSceneManifest_Generation = YES;
				INFOPLIST_KEY_UIApplicationSupportsIndirectInputEvents = YES;
				INFOPLIST_KEY_UISupportedInterfaceOrientations_iPad = "UIInterfaceOrientationPortrait UIInterfaceOrientationPortraitUpsideDown UIInterfaceOrientationLandscapeLeft UIInterfaceOrientationLandscapeRight";
				INFOPLIST_KEY_UISupportedInterfaceOrientations_iPhone = "UIInterfaceOrientationPortrait UIInterfaceOrientationLandscapeLeft UIInterfaceOrientationLandscapeRight";
				INFOPLIST_KEY_UIUserInterfaceStyle = Dark;
				IPHONEOS_DEPLOYMENT_TARGET = 14.0;
				LD_RUNPATH_SEARCH_PATHS = (
					"$(inherited)",
					"@executable_path/Frameworks",
				);
				MARKETING_VERSION = 1.0;
				PRODUCT_BUNDLE_IDENTIFIER = com.ourtrees.Africa;
				PRODUCT_NAME = "$(TARGET_NAME)";
				SWIFT_EMIT_LOC_STRINGS = YES;
				SWIFT_VERSION = 5.0;
				TARGETED_DEVICE_FAMILY = "1,2";
			};
			name = Release;
		};
/* End XCBuildConfiguration section */

/* Begin XCConfigurationList section */
		071DBCFC294592AB00D84E96 /* Build configuration list for PBXNativeTarget "Stickers" */ = {
			isa = XCConfigurationList;
			buildConfigurations = (
				071DBCFA294592AB00D84E96 /* Debug */,
				071DBCFB294592AB00D84E96 /* Release */,
			);
			defaultConfigurationIsVisible = 0;
			defaultConfigurationName = Release;
		};
		076D8AE72928C2F00077E81F /* Build configuration list for PBXProject "Africa" */ = {
			isa = XCConfigurationList;
			buildConfigurations = (
				076D8AF82928C2F30077E81F /* Debug */,
				076D8AF92928C2F30077E81F /* Release */,
			);
			defaultConfigurationIsVisible = 0;
			defaultConfigurationName = Release;
		};
		076D8AFA2928C2F30077E81F /* Build configuration list for PBXNativeTarget "Africa" */ = {
			isa = XCConfigurationList;
			buildConfigurations = (
				076D8AFB2928C2F30077E81F /* Debug */,
				076D8AFC2928C2F30077E81F /* Release */,
			);
			defaultConfigurationIsVisible = 0;
			defaultConfigurationName = Release;
		};
/* End XCConfigurationList section */
	};
	rootObject = 076D8AE42928C2F00077E81F /* Project object */;
}
